// !$*UTF8*$!
{
	archiveVersion = 1;
	classes = {
	};
	objectVersion = 100;
	objects = {

/* Begin PBXFileReference section */
		D657942850A17EFED6B7ABD6 /* MigraineTracker.app */ = {isa = PBXFileReference; explicitFileType = wrapper.application; includeInIndex = 0; path = MigraineTracker.app; sourceTree = BUILT_PRODUCTS_DIR; };
/* End PBXFileReference section */

/* Begin PBXFileSystemSynchronizedRootGroup section */
		40C4F9422F878DC400BE904C /* Sources */ = {
			isa = PBXFileSystemSynchronizedRootGroup;
			name = Sources;
			path = MigraineTrackerApp/Sources;
			sourceTree = "<group>";
		};
		40C4F9502F878DCB00BE904C /* Configs */ = {
			isa = PBXFileSystemSynchronizedRootGroup;
			path = Configs;
			sourceTree = "<group>";
		};
/* End PBXFileSystemSynchronizedRootGroup section */

/* Begin PBXGroup section */
		57F829A13410D0FCEA5AB9D0 /* Products */ = {
			isa = PBXGroup;
			children = (
				D657942850A17EFED6B7ABD6 /* MigraineTracker.app */,
			);
			name = Products;
			sourceTree = "<group>";
		};
		EE6931D5C8DF7471A79E312D = {
			isa = PBXGroup;
			children = (
				40C4F9502F878DCB00BE904C /* Configs */,
				40C4F9422F878DC400BE904C /* Sources */,
				57F829A13410D0FCEA5AB9D0 /* Products */,
			);
			sourceTree = "<group>";
		};
/* End PBXGroup section */

/* Begin PBXNativeTarget section */
		0EAAA37F0F7FFC36756A20FE /* MigraineTrackerApp */ = {
			isa = PBXNativeTarget;
			buildConfigurationList = F67B45FA2C1724CF246885EA /* Build configuration list for PBXNativeTarget "MigraineTrackerApp" */;
			buildPhases = (
				A5F1E657471D1352C1A08388 /* Sources */,
			);
			buildRules = (
			);
			fileSystemSynchronizedGroups = (
				40C4F9422F878DC400BE904C /* Sources */,
			);
			name = MigraineTrackerApp;
			productName = MigraineTrackerApp;
			productReference = D657942850A17EFED6B7ABD6 /* MigraineTracker.app */;
			productType = "com.apple.product-type.application";
		};
/* End PBXNativeTarget section */

/* Begin PBXProject section */
		B1080F67805A9726786CED43 /* Project object */ = {
			isa = PBXProject;
			attributes = {
				BuildIndependentTargetsInParallel = YES;
				LastUpgradeCheck = 2640;
				TargetAttributes = {
					0EAAA37F0F7FFC36756A20FE = {
						ProvisioningStyle = Automatic;
					};
				};
			};
			buildConfigurationList = D24A4B72A997E781CF5F7DBE /* Build configuration list for PBXProject "MigraineTracker" */;
			developmentRegion = en;
			hasScannedForEncodings = 0;
			knownRegions = (
				Base,
				en,
			);
			mainGroup = EE6931D5C8DF7471A79E312D;
			minimizedProjectReferenceProxies = 1;
			preferredProjectObjectVersion = 100;
			productRefGroup = 57F829A13410D0FCEA5AB9D0 /* Products */;
			projectDirPath = "";
			projectRoot = "";
			targets = (
				0EAAA37F0F7FFC36756A20FE /* MigraineTrackerApp */,
			);
		};
/* End PBXProject section */

/* Begin PBXSourcesBuildPhase section */
		A5F1E657471D1352C1A08388 /* Sources */ = {
			isa = PBXSourcesBuildPhase;
			files = (
			);
		};
/* End PBXSourcesBuildPhase section */

/* Begin XCBuildConfiguration section */
		09D6E51C4D352FA6C092AE51 /* Release configuration for PBXNativeTarget "MigraineTrackerApp" */ = {
			isa = XCBuildConfiguration;
			baseConfigurationReferenceAnchor = 40C4F9502F878DCB00BE904C /* Configs */;
			baseConfigurationReferenceRelativePath = Release.xcconfig;
			buildSettings = {
				ASSETCATALOG_COMPILER_APPICON_NAME = AppIcon;
				ASSETCATALOG_COMPILER_GLOBAL_ACCENT_COLOR_NAME = AccentColor;
				CODE_SIGN_IDENTITY = "iPhone Developer";
				DEVELOPMENT_TEAM = PZV43D6HWT;
				INFOPLIST_KEY_CFBundleDisplayName = "Migraine Tracker";
				INFOPLIST_KEY_LSApplicationCategoryType = "public.app-category.medical";
				INFOPLIST_KEY_NSLocationWhenInUseUsageDescription = "Migraine Tracker nutzt deinen Standort nur, um beim Erfassen einer Episode passende Wetterdaten zu ergänzen.";
				INFOPLIST_KEY_UIApplicationSupportsIndirectInputEvents = YES;
				INFOPLIST_KEY_UILaunchScreen_Generation = YES;
				INFOPLIST_KEY_UISupportedInterfaceOrientations = "UIInterfaceOrientationLandscapeLeft UIInterfaceOrientationLandscapeRight UIInterfaceOrientationPortrait UIInterfaceOrientationPortraitUpsideDown";
				IPHONEOS_DEPLOYMENT_TARGET = 26.4;
				LD_RUNPATH_SEARCH_PATHS = (
					"$(inherited)",
					"@executable_path/Frameworks",
				);
				PRODUCT_BUNDLE_IDENTIFIER = com.mpwg.MigraineTracker;
				PRODUCT_NAME = MigraineTracker;
				SDKROOT = iphoneos;
				SUPPORTED_PLATFORMS = "iphoneos iphonesimulator";
				SUPPORTS_MACCATALYST = YES;
				SUPPORTS_MAC_DESIGNED_FOR_IPHONE_IPAD = NO;
				SWIFT_EMIT_LOC_STRINGS = YES;
				TARGETED_DEVICE_FAMILY = "1,2,6";
			};
			name = Release;
		};
		4C9E2291BB88BDB4DE854A72 /* Debug configuration for PBXNativeTarget "MigraineTrackerApp" */ = {
			isa = XCBuildConfiguration;
			baseConfigurationReferenceAnchor = 40C4F9502F878DCB00BE904C /* Configs */;
			baseConfigurationReferenceRelativePath = Debug.xcconfig;
			buildSettings = {
				ASSETCATALOG_COMPILER_APPICON_NAME = AppIcon;
				ASSETCATALOG_COMPILER_GLOBAL_ACCENT_COLOR_NAME = AccentColor;
				CODE_SIGN_IDENTITY = "iPhone Developer";
				DEVELOPMENT_TEAM = PZV43D6HWT;
				INFOPLIST_KEY_CFBundleDisplayName = "Migraine Tracker";
				INFOPLIST_KEY_LSApplicationCategoryType = "public.app-category.medical";
				INFOPLIST_KEY_NSLocationWhenInUseUsageDescription = "Migraine Tracker nutzt deinen Standort nur, um beim Erfassen einer Episode passende Wetterdaten zu ergänzen.";
				INFOPLIST_KEY_UIApplicationSupportsIndirectInputEvents = YES;
				INFOPLIST_KEY_UILaunchScreen_Generation = YES;
				INFOPLIST_KEY_UISupportedInterfaceOrientations = "UIInterfaceOrientationLandscapeLeft UIInterfaceOrientationLandscapeRight UIInterfaceOrientationPortrait UIInterfaceOrientationPortraitUpsideDown";
				IPHONEOS_DEPLOYMENT_TARGET = 26.4;
				LD_RUNPATH_SEARCH_PATHS = (
					"$(inherited)",
					"@executable_path/Frameworks",
				);
				PRODUCT_BUNDLE_IDENTIFIER = com.mpwg.MigraineTracker;
				PRODUCT_NAME = MigraineTracker;
				SDKROOT = iphoneos;
				SUPPORTED_PLATFORMS = "iphoneos iphonesimulator";
				SUPPORTS_MACCATALYST = YES;
				SUPPORTS_MAC_DESIGNED_FOR_IPHONE_IPAD = NO;
				SWIFT_EMIT_LOC_STRINGS = YES;
				TARGETED_DEVICE_FAMILY = "1,2,6";
			};
			name = Debug;
		};
		EEDF4B6F27874E75B1C6D61E /* Debug configuration for PBXProject "MigraineTracker" */ = {
			isa = XCBuildConfiguration;
			buildSettings = {
				ALWAYS_SEARCH_USER_PATHS = NO;
				ASSETCATALOG_COMPILER_GENERATE_SWIFT_ASSET_SYMBOL_EXTENSIONS = YES;
				CLANG_CXX_LIBRARY = "libc++";
				CLANG_WARN_RANGE_LOOP_ANALYSIS = YES;
				CLANG_WARN_SUSPICIOUS_MOVE = YES;
				CODE_SIGN_STYLE = Automatic;
				COPY_PHASE_STRIP = NO;
				CURRENT_PROJECT_VERSION = 1;
				DEBUG_INFORMATION_FORMAT = dwarf;
				DEVELOPMENT_LANGUAGE = de;
				ENABLE_STRICT_OBJC_MSGSEND = YES;
				ENABLE_TESTABILITY = YES;
				ENABLE_USER_SCRIPT_SANDBOXING = YES;
				GCC_C_LANGUAGE_STANDARD = gnu11;
				GCC_DYNAMIC_NO_PIC = NO;
				GCC_NO_COMMON_BLOCKS = YES;
				GCC_OPTIMIZATION_LEVEL = 0;
				GCC_PREPROCESSOR_DEFINITIONS = (
					"$(inherited)",
					"DEBUG=1",
				);
				GENERATE_INFOPLIST_FILE = YES;
				INFOPLIST_KEY_CFBundleDisplayName = "Migraine Tracker";
				INFOPLIST_KEY_UIApplicationSupportsIndirectInputEvents = YES;
				INFOPLIST_KEY_UILaunchScreen_Generation = YES;
				MARKETING_VERSION = 0.1.0;
				MTL_ENABLE_DEBUG_INFO = INCLUDE_SOURCE;
				MTL_FAST_MATH = YES;
				ONLY_ACTIVE_ARCH = YES;
				PRODUCT_NAME = "$(TARGET_NAME)";
				SDKROOT = iphoneos;
				STRING_CATALOG_GENERATE_SYMBOLS = YES;
				SWIFT_ACTIVE_COMPILATION_CONDITIONS = DEBUG;
				SWIFT_OPTIMIZATION_LEVEL = "-Onone";
				SWIFT_VERSION = 6.0;
				TARGETED_DEVICE_FAMILY = 1;
			};
			name = Debug;
		};
		F8CE24D9D6AB39686B01C824 /* Release configuration for PBXProject "MigraineTracker" */ = {
			isa = XCBuildConfiguration;
			buildSettings = {
				ALWAYS_SEARCH_USER_PATHS = NO;
				ASSETCATALOG_COMPILER_GENERATE_SWIFT_ASSET_SYMBOL_EXTENSIONS = YES;
				CLANG_CXX_LIBRARY = "libc++";
				CLANG_WARN_RANGE_LOOP_ANALYSIS = YES;
				CLANG_WARN_SUSPICIOUS_MOVE = YES;
				CODE_SIGN_STYLE = Automatic;
				COPY_PHASE_STRIP = NO;
				CURRENT_PROJECT_VERSION = 1;
				DEBUG_INFORMATION_FORMAT = "dwarf-with-dsym";
				DEVELOPMENT_LANGUAGE = de;
				ENABLE_NS_ASSERTIONS = NO;
				ENABLE_STRICT_OBJC_MSGSEND = YES;
				ENABLE_USER_SCRIPT_SANDBOXING = YES;
				GCC_C_LANGUAGE_STANDARD = gnu11;
				GCC_NO_COMMON_BLOCKS = YES;
				GENERATE_INFOPLIST_FILE = YES;
				INFOPLIST_KEY_CFBundleDisplayName = "Migraine Tracker";
				INFOPLIST_KEY_UIApplicationSupportsIndirectInputEvents = YES;
				INFOPLIST_KEY_UILaunchScreen_Generation = YES;
				MARKETING_VERSION = 0.1.0;
				MTL_ENABLE_DEBUG_INFO = NO;
				MTL_FAST_MATH = YES;
				PRODUCT_NAME = "$(TARGET_NAME)";
				SDKROOT = iphoneos;
				STRING_CATALOG_GENERATE_SYMBOLS = YES;
				SWIFT_COMPILATION_MODE = wholemodule;
				SWIFT_OPTIMIZATION_LEVEL = "-O";
				SWIFT_VERSION = 6.0;
				TARGETED_DEVICE_FAMILY = 1;
			};
			name = Release;
		};
/* End XCBuildConfiguration section */

/* Begin XCConfigurationList section */
		D24A4B72A997E781CF5F7DBE /* Build configuration list for PBXProject "MigraineTracker" */ = {
			isa = XCConfigurationList;
			buildConfigurations = (
				EEDF4B6F27874E75B1C6D61E /* Debug configuration for PBXProject "MigraineTracker" */,
				F8CE24D9D6AB39686B01C824 /* Release configuration for PBXProject "MigraineTracker" */,
			);
			defaultConfigurationName = Debug;
		};
		F67B45FA2C1724CF246885EA /* Build configuration list for PBXNativeTarget "MigraineTrackerApp" */ = {
			isa = XCConfigurationList;
			buildConfigurations = (
				4C9E2291BB88BDB4DE854A72 /* Debug configuration for PBXNativeTarget "MigraineTrackerApp" */,
				09D6E51C4D352FA6C092AE51 /* Release configuration for PBXNativeTarget "MigraineTrackerApp" */,
			);
			defaultConfigurationName = Debug;
		};
/* End XCConfigurationList section */
	};
	rootObject = B1080F67805A9726786CED43 /* Project object */;
}
