{
  "originHash" : "202304f784cd480925a79897813a787cc917d7542d46e2eddae001fcdbac7176",
  "pins" : [
    {
      "identity" : "sentry-cocoa",
      "kind" : "remoteSourceControl",
      "location" : "https://github.com/getsentry/sentry-cocoa/",
      "state" : {
        "revision" : "a49e7c2148ac9e38bd35ef4f13bc9d6ea3ff0b81",
        "version" : "9.11.0"
      }
    },
    {
      "identity" : "swiftsdk",
      "kind" : "remoteSourceControl",
      "location" : "https://github.com/TelemetryDeck/SwiftSDK",
      "state" : {
        "revision" : "d41d6e86265dc182ba4474f9ef53ecddbbe052b8",
        "version" : "2.12.0"
      }
    }
  ],
  "version" : 3
}
